
Microsoft Visual Studio Solution File, Format Version 12.00
# Visual Studio 2013
VisualStudioVersion = 12.0.40629.0
MinimumVisualStudioVersion = 10.0.40219.1
Project("{FAE04EC0-301F-11D3-BF4B-00C04F79EFBC}") = "Bootstrap", "Bootstrap\Bootstrap.csproj", "{796DC7D8-373D-4409-B5C8-325FF5A556D9}"
EndProject
Project("{FAE04EC0-301F-11D3-BF4B-00C04F79EFBC}") = "Bootstrap.Tests", "Bootstrap.Tests\Bootstrap.Tests.csproj", "{12A93CC7-39B3-4045-A77E-E4E51E22BF31}"
EndProject
Global
	GlobalSection(SolutionConfigurationPlatforms) = preSolution
		Debug|Any CPU = Debug|Any CPU
		Release|Any CPU = Release|Any CPU
	EndGlobalSection
	GlobalSection(ProjectConfigurationPlatforms) = postSolution
		{796DC7D8-373D-4409-B5C8-325FF5A556D9}.Debug|Any CPU.ActiveCfg = Debug|Any CPU
		{796DC7D8-373D-4409-B5C8-325FF5A556D9}.Debug|Any CPU.Build.0 = Debug|Any CPU
		{796DC7D8-373D-4409-B5C8-325FF5A556D9}.Release|Any CPU.ActiveCfg = Release|Any CPU
		{796DC7D8-373D-4409-B5C8-325FF5A556D9}.Release|Any CPU.Build.0 = Release|Any CPU
		{12A93CC7-39B3-4045-A77E-E4E51E22BF31}.Debug|Any CPU.ActiveCfg = Debug|Any CPU
		{12A93CC7-39B3-4045-A77E-E4E51E22BF31}.Debug|Any CPU.Build.0 = Debug|Any CPU
		{12A93CC7-39B3-4045-A77E-E4E51E22BF31}.Release|Any CPU.ActiveCfg = Release|Any CPU
		{12A93CC7-39B3-4045-A77E-E4E51E22BF31}.Release|Any CPU.Build.0 = Release|Any CPU
	EndGlobalSection
	GlobalSection(SolutionProperties) = preSolution
		HideSolutionNode = FALSE
	EndGlobalSection
EndGlobal
